
Microsoft Visual Studio Solution File, Format Version 12.00
# Visual Studio Version 17
VisualStudioVersion = 17.5.002.0
MinimumVisualStudioVersion = 10.0.40219.1
Project("{2150E333-8FDC-42A3-9474-1A3956D46DE8}") = "Specific_Learning", "Specific_Learning", "{2311595A-3BB7-4A44-8FA0-11D786534FC8}"
EndProject
Project("{9A19103F-16F7-4668-BE54-9A1E7A4F7556}") = "RND", "Specific_Learning\RND\RND.csproj", "{97D89169-9DCD-4B4E-B2AC-FC2D66DEEADD}"
EndProject
Global
	GlobalSection(SolutionConfigurationPlatforms) = preSolution
		Debug|Any CPU = Debug|Any CPU
		Release|Any CPU = Release|Any CPU
	EndGlobalSection
	GlobalSection(ProjectConfigurationPlatforms) = postSolution
		{97D89169-9DCD-4B4E-B2AC-FC2D66DEEADD}.Debug|Any CPU.ActiveCfg = Debug|Any CPU
		{97D89169-9DCD-4B4E-B2AC-FC2D66DEEADD}.Debug|Any CPU.Build.0 = Debug|Any CPU
		{97D89169-9DCD-4B4E-B2AC-FC2D66DEEADD}.Release|Any CPU.ActiveCfg = Release|Any CPU
		{97D89169-9DCD-4B4E-B2AC-FC2D66DEEADD}.Release|Any CPU.Build.0 = Release|Any CPU
	EndGlobalSection
	GlobalSection(SolutionProperties) = preSolution
		HideSolutionNode = FALSE
	EndGlobalSection
	GlobalSection(NestedProjects) = preSolution
		{97D89169-9DCD-4B4E-B2AC-FC2D66DEEADD} = {2311595A-3BB7-4A44-8FA0-11D786534FC8}
	EndGlobalSection
	GlobalSection(ExtensibilityGlobals) = postSolution
		SolutionGuid = {5D513A62-7443-4FB4-9372-ABDC4D25246B}
	EndGlobalSection
EndGlobal
